
Microsoft Visual Studio Solution File, Format Version 12.00
# Visual Studio Version 17
VisualStudioVersion = 17.4.33213.308
MinimumVisualStudioVersion = 10.0.40219.1
Project("{FAE04EC0-301F-11D3-BF4B-00C04F79EFBC}") = "CleanBackend", "CleanBackend\CleanBackend.csproj", "{0BE0F44F-C5FE-4729-917D-3334C83E24FC}"
EndProject
Global
	GlobalSection(SolutionConfigurationPlatforms) = preSolution
		Debug|Any CPU = Debug|Any CPU
		Release|Any CPU = Release|Any CPU
	EndGlobalSection
	GlobalSection(ProjectConfigurationPlatforms) = postSolution
		{0BE0F44F-C5FE-4729-917D-3334C83E24FC}.Debug|Any CPU.ActiveCfg = Debug|Any CPU
		{0BE0F44F-C5FE-4729-917D-3334C83E24FC}.Debug|Any CPU.Build.0 = Debug|Any CPU
		{0BE0F44F-C5FE-4729-917D-3334C83E24FC}.Release|Any CPU.ActiveCfg = Release|Any CPU
		{0BE0F44F-C5FE-4729-917D-3334C83E24FC}.Release|Any CPU.Build.0 = Release|Any CPU
	EndGlobalSection
	GlobalSection(SolutionProperties) = preSolution
		HideSolutionNode = FALSE
	EndGlobalSection
	GlobalSection(ExtensibilityGlobals) = postSolution
		SolutionGuid = {ACF4BF35-BF89-4E9D-AC6F-BD166C176306}
	EndGlobalSection
EndGlobal
